{
  "name": "es-module-usage",
  "lockfileVersion": 2,
  "requires": true,
  "packages": {
    "": {
      "dependencies": {
        "ever-ups-adapter": "file:../../"
      }
    },
    "../..": {
      "version": "2022.0.1",
      "license": "MIT",
      "dependencies": {
        "eslint": "^8.9.0",
        "log-update": "^5.0.0",
        "net-snmp": "file:lib/net-snmp",
        "node-fetch": "^3.2.0"
      }
    },
    "node_modules/ever-ups-adapter": {
      "resolved": "../..",
      "link": true
    }
  },
  "dependencies": {
    "ever-ups-adapter": {
      "version": "file:../..",
      "requires": {
        "eslint": "^8.9.0",
        "log-update": "^5.0.0",
        "net-snmp": "file:lib/net-snmp",
        "node-fetch": "^3.2.0"
      }
    }
  }
}
